
Microsoft Visual Studio Solution File, Format Version 12.00
# Visual Studio 15
VisualStudioVersion = 15.0.27130.2036
MinimumVisualStudioVersion = 10.0.40219.1
Project("{FAE04EC0-301F-11D3-BF4B-00C04F79EFBC}") = "WeatherReport.Web", "WeatherReport.Web\WeatherReport.Web.csproj", "{CE794516-E405-4BBB-80FD-03781A16B889}"
EndProject
Project("{FAE04EC0-301F-11D3-BF4B-00C04F79EFBC}") = "WeatherReport.Web.Tests", "WeatherReport.Web.Tests\WeatherReport.Web.Tests.csproj", "{A03426DB-1BC8-4477-9CDF-D3D2D37370DA}"
EndProject
Global
	GlobalSection(SolutionConfigurationPlatforms) = preSolution
		Debug|Any CPU = Debug|Any CPU
		Release|Any CPU = Release|Any CPU
	EndGlobalSection
	GlobalSection(ProjectConfigurationPlatforms) = postSolution
		{CE794516-E405-4BBB-80FD-03781A16B889}.Debug|Any CPU.ActiveCfg = Debug|Any CPU
		{CE794516-E405-4BBB-80FD-03781A16B889}.Debug|Any CPU.Build.0 = Debug|Any CPU
		{CE794516-E405-4BBB-80FD-03781A16B889}.Release|Any CPU.ActiveCfg = Release|Any CPU
		{CE794516-E405-4BBB-80FD-03781A16B889}.Release|Any CPU.Build.0 = Release|Any CPU
		{A03426DB-1BC8-4477-9CDF-D3D2D37370DA}.Debug|Any CPU.ActiveCfg = Debug|Any CPU
		{A03426DB-1BC8-4477-9CDF-D3D2D37370DA}.Debug|Any CPU.Build.0 = Debug|Any CPU
		{A03426DB-1BC8-4477-9CDF-D3D2D37370DA}.Release|Any CPU.ActiveCfg = Release|Any CPU
		{A03426DB-1BC8-4477-9CDF-D3D2D37370DA}.Release|Any CPU.Build.0 = Release|Any CPU
	EndGlobalSection
	GlobalSection(SolutionProperties) = preSolution
		HideSolutionNode = FALSE
	EndGlobalSection
	GlobalSection(ExtensibilityGlobals) = postSolution
		SolutionGuid = {E70C21E1-F36C-48E3-97C6-87B350422C5B}
	EndGlobalSection
EndGlobal
